// !$*UTF8*$!
{
	archiveVersion = 1;
	classes = {
	};
	objectVersion = 56;
	objects = {

/* Begin PBXBuildFile section */
		046F18A52998EED500E3EB3A /* AppDelegate.swift in Sources */ = {isa = PBXBuildFile; fileRef = 046F18A42998EED500E3EB3A /* AppDelegate.swift */; };
		046F18A72998EED500E3EB3A /* SceneDelegate.swift in Sources */ = {isa = PBXBuildFile; fileRef = 046F18A62998EED500E3EB3A /* SceneDelegate.swift */; };
		046F18A92998EED500E3EB3A /* ViewController.swift in Sources */ = {isa = PBXBuildFile; fileRef = 046F18A82998EED500E3EB3A /* ViewController.swift */; };
		046F18AE2998EED800E3EB3A /* Assets.xcassets in Resources */ = {isa = PBXBuildFile; fileRef = 046F18AD2998EED800E3EB3A /* Assets.xcassets */; };
		046F18B12998EED800E3EB3A /* LaunchScreen.storyboard in Resources */ = {isa = PBXBuildFile; fileRef = 046F18AF2998EED800E3EB3A /* LaunchScreen.storyboard */; };
		046F18BC2998EED800E3EB3A /* DrinksTests.swift in Sources */ = {isa = PBXBuildFile; fileRef = 046F18BB2998EED800E3EB3A /* DrinksTests.swift */; };
		046F18C62998EED800E3EB3A /* DrinksUITests.swift in Sources */ = {isa = PBXBuildFile; fileRef = 046F18C52998EED800E3EB3A /* DrinksUITests.swift */; };
		046F18C82998EED800E3EB3A /* DrinksUITestsLaunchTests.swift in Sources */ = {isa = PBXBuildFile; fileRef = 046F18C72998EED800E3EB3A /* DrinksUITestsLaunchTests.swift */; };
		046F18D52998F13200E3EB3A /* NetworkLayre.swift in Sources */ = {isa = PBXBuildFile; fileRef = 046F18D42998F13200E3EB3A /* NetworkLayre.swift */; };
		046F18D72998F1A900E3EB3A /* Model.swift in Sources */ = {isa = PBXBuildFile; fileRef = 046F18D62998F1A900E3EB3A /* Model.swift */; };
		046F1922299EC62D00E3EB3A /* CollectionViewCell.swift in Sources */ = {isa = PBXBuildFile; fileRef = 046F1920299EC62D00E3EB3A /* CollectionViewCell.swift */; };
		046F1923299EC62D00E3EB3A /* CollectionViewCell.xib in Resources */ = {isa = PBXBuildFile; fileRef = 046F1921299EC62D00E3EB3A /* CollectionViewCell.xib */; };
		046F1925299EC8DB00E3EB3A /* URL imange.swift in Sources */ = {isa = PBXBuildFile; fileRef = 046F1924299EC8DB00E3EB3A /* URL imange.swift */; };
		046F1927299F5A4C00E3EB3A /* StyleView.swift in Sources */ = {isa = PBXBuildFile; fileRef = 046F1926299F5A4C00E3EB3A /* StyleView.swift */; };
		046F192929A0E73100E3EB3A /* InfoView.swift in Sources */ = {isa = PBXBuildFile; fileRef = 046F192829A0E73100E3EB3A /* InfoView.swift */; };
		046F192B29A0E86400E3EB3A /* InfoView + extishon.swift in Sources */ = {isa = PBXBuildFile; fileRef = 046F192A29A0E86400E3EB3A /* InfoView + extishon.swift */; };
		046F192F29A4DCE800E3EB3A /* ProfiveView.swift in Sources */ = {isa = PBXBuildFile; fileRef = 046F192E29A4DCE800E3EB3A /* ProfiveView.swift */; };
		1A8614868EA2F661E8849BC3 /* Pods_Drinks_DrinksUITests.framework in Frameworks */ = {isa = PBXBuildFile; fileRef = 3960E504B462F54C2EAF0697 /* Pods_Drinks_DrinksUITests.framework */; };
		4B8D886F1E2AAF5186C75638 /* Pods_Drinks.framework in Frameworks */ = {isa = PBXBuildFile; fileRef = 1EA22B4894844A44D0A01E66 /* Pods_Drinks.framework */; };
		89BDF3E5F47AA048CAFF3275 /* Pods_DrinksTests.framework in Frameworks */ = {isa = PBXBuildFile; fileRef = B1F4B0B72B39F193F342E7AA /* Pods_DrinksTests.framework */; };
/* End PBXBuildFile section */

/* Begin PBXContainerItemProxy section */
		046F18B82998EED800E3EB3A /* PBXContainerItemProxy */ = {
			isa = PBXContainerItemProxy;
			containerPortal = 046F18992998EED500E3EB3A /* Project object */;
			proxyType = 1;
			remoteGlobalIDString = 046F18A02998EED500E3EB3A;
			remoteInfo = Drinks;
		};
		046F18C22998EED800E3EB3A /* PBXContainerItemProxy */ = {
			isa = PBXContainerItemProxy;
			containerPortal = 046F18992998EED500E3EB3A /* Project object */;
			proxyType = 1;
			remoteGlobalIDString = 046F18A02998EED500E3EB3A;
			remoteInfo = Drinks;
		};
/* End PBXContainerItemProxy section */

/* Begin PBXFileReference section */
		02227367C86CB5B22F8B02C8 /* Pods-DrinksTests.release.xcconfig */ = {isa = PBXFileReference; includeInIndex = 1; lastKnownFileType = text.xcconfig; name = "Pods-DrinksTests.release.xcconfig"; path = "Target Support Files/Pods-DrinksTests/Pods-DrinksTests.release.xcconfig"; sourceTree = "<group>"; };
		046F18A12998EED500E3EB3A /* Drinks.app */ = {isa = PBXFileReference; explicitFileType = wrapper.application; includeInIndex = 0; path = Drinks.app; sourceTree = BUILT_PRODUCTS_DIR; };
		046F18A42998EED500E3EB3A /* AppDelegate.swift */ = {isa = PBXFileReference; lastKnownFileType = sourcecode.swift; path = AppDelegate.swift; sourceTree = "<group>"; };
		046F18A62998EED500E3EB3A /* SceneDelegate.swift */ = {isa = PBXFileReference; lastKnownFileType = sourcecode.swift; path = SceneDelegate.swift; sourceTree = "<group>"; };
		046F18A82998EED500E3EB3A /* ViewController.swift */ = {isa = PBXFileReference; lastKnownFileType = sourcecode.swift; path = ViewController.swift; sourceTree = "<group>"; };
		046F18AD2998EED800E3EB3A /* Assets.xcassets */ = {isa = PBXFileReference; lastKnownFileType = folder.assetcatalog; path = Assets.xcassets; sourceTree = "<group>"; };
		046F18B02998EED800E3EB3A /* Base */ = {isa = PBXFileReference; lastKnownFileType = file.storyboard; name = Base; path = Base.lproj/LaunchScreen.storyboard; sourceTree = "<group>"; };
		046F18B22998EED800E3EB3A /* Info.plist */ = {isa = PBXFileReference; lastKnownFileType = text.plist.xml; path = Info.plist; sourceTree = "<group>"; };
		046F18B72998EED800E3EB3A /* DrinksTests.xctest */ = {isa = PBXFileReference; explicitFileType = wrapper.cfbundle; includeInIndex = 0; path = DrinksTests.xctest; sourceTree = BUILT_PRODUCTS_DIR; };
		046F18BB2998EED800E3EB3A /* DrinksTests.swift */ = {isa = PBXFileReference; lastKnownFileType = sourcecode.swift; path = DrinksTests.swift; sourceTree = "<group>"; };
		046F18C12998EED800E3EB3A /* DrinksUITests.xctest */ = {isa = PBXFileReference; explicitFileType = wrapper.cfbundle; includeInIndex = 0; path = DrinksUITests.xctest; sourceTree = BUILT_PRODUCTS_DIR; };
		046F18C52998EED800E3EB3A /* DrinksUITests.swift */ = {isa = PBXFileReference; lastKnownFileType = sourcecode.swift; path = DrinksUITests.swift; sourceTree = "<group>"; };
		046F18C72998EED800E3EB3A /* DrinksUITestsLaunchTests.swift */ = {isa = PBXFileReference; lastKnownFileType = sourcecode.swift; path = DrinksUITestsLaunchTests.swift; sourceTree = "<group>"; };
		046F18D42998F13200E3EB3A /* NetworkLayre.swift */ = {isa = PBXFileReference; lastKnownFileType = sourcecode.swift; path = NetworkLayre.swift; sourceTree = "<group>"; };
		046F18D62998F1A900E3EB3A /* Model.swift */ = {isa = PBXFileReference; lastKnownFileType = sourcecode.swift; path = Model.swift; sourceTree = "<group>"; };
		046F1920299EC62D00E3EB3A /* CollectionViewCell.swift */ = {isa = PBXFileReference; lastKnownFileType = sourcecode.swift; path = CollectionViewCell.swift; sourceTree = "<group>"; };
		046F1921299EC62D00E3EB3A /* CollectionViewCell.xib */ = {isa = PBXFileReference; lastKnownFileType = file.xib; path = CollectionViewCell.xib; sourceTree = "<group>"; };
		046F1924299EC8DB00E3EB3A /* URL imange.swift */ = {isa = PBXFileReference; lastKnownFileType = sourcecode.swift; path = "URL imange.swift"; sourceTree = "<group>"; };
		046F1926299F5A4C00E3EB3A /* StyleView.swift */ = {isa = PBXFileReference; lastKnownFileType = sourcecode.swift; path = StyleView.swift; sourceTree = "<group>"; };
		046F192829A0E73100E3EB3A /* InfoView.swift */ = {isa = PBXFileReference; lastKnownFileType = sourcecode.swift; path = InfoView.swift; sourceTree = "<group>"; };
		046F192A29A0E86400E3EB3A /* InfoView + extishon.swift */ = {isa = PBXFileReference; lastKnownFileType = sourcecode.swift; path = "InfoView + extishon.swift"; sourceTree = "<group>"; };
		046F192E29A4DCE800E3EB3A /* ProfiveView.swift */ = {isa = PBXFileReference; lastKnownFileType = sourcecode.swift; path = ProfiveView.swift; sourceTree = "<group>"; };
		04EE1E030BC1F57F0F0B44EB /* Pods-Drinks.release.xcconfig */ = {isa = PBXFileReference; includeInIndex = 1; lastKnownFileType = text.xcconfig; name = "Pods-Drinks.release.xcconfig"; path = "Target Support Files/Pods-Drinks/Pods-Drinks.release.xcconfig"; sourceTree = "<group>"; };
		1EA22B4894844A44D0A01E66 /* Pods_Drinks.framework */ = {isa = PBXFileReference; explicitFileType = wrapper.framework; includeInIndex = 0; path = Pods_Drinks.framework; sourceTree = BUILT_PRODUCTS_DIR; };
		306FC8055491AB98059FB848 /* Pods-DrinksTests.debug.xcconfig */ = {isa = PBXFileReference; includeInIndex = 1; lastKnownFileType = text.xcconfig; name = "Pods-DrinksTests.debug.xcconfig"; path = "Target Support Files/Pods-DrinksTests/Pods-DrinksTests.debug.xcconfig"; sourceTree = "<group>"; };
		3960E504B462F54C2EAF0697 /* Pods_Drinks_DrinksUITests.framework */ = {isa = PBXFileReference; explicitFileType = wrapper.framework; includeInIndex = 0; path = Pods_Drinks_DrinksUITests.framework; sourceTree = BUILT_PRODUCTS_DIR; };
		5B968953E05059ADC29FECA6 /* Pods-Drinks-DrinksUITests.release.xcconfig */ = {isa = PBXFileReference; includeInIndex = 1; lastKnownFileType = text.xcconfig; name = "Pods-Drinks-DrinksUITests.release.xcconfig"; path = "Target Support Files/Pods-Drinks-DrinksUITests/Pods-Drinks-DrinksUITests.release.xcconfig"; sourceTree = "<group>"; };
		89CBBF44486781D0382C5E6C /* Pods-Drinks.debug.xcconfig */ = {isa = PBXFileReference; includeInIndex = 1; lastKnownFileType = text.xcconfig; name = "Pods-Drinks.debug.xcconfig"; path = "Target Support Files/Pods-Drinks/Pods-Drinks.debug.xcconfig"; sourceTree = "<group>"; };
		9CAA1F8A88DC43D8EFDC752B /* Pods-Drinks-DrinksUITests.debug.xcconfig */ = {isa = PBXFileReference; includeInIndex = 1; lastKnownFileType = text.xcconfig; name = "Pods-Drinks-DrinksUITests.debug.xcconfig"; path = "Target Support Files/Pods-Drinks-DrinksUITests/Pods-Drinks-DrinksUITests.debug.xcconfig"; sourceTree = "<group>"; };
		B1F4B0B72B39F193F342E7AA /* Pods_DrinksTests.framework */ = {isa = PBXFileReference; explicitFileType = wrapper.framework; includeInIndex = 0; path = Pods_DrinksTests.framework; sourceTree = BUILT_PRODUCTS_DIR; };
/* End PBXFileReference section */

/* Begin PBXFrameworksBuildPhase section */
		046F189E2998EED500E3EB3A /* Frameworks */ = {
			isa = PBXFrameworksBuildPhase;
			buildActionMask = 2147483647;
			files = (
				4B8D886F1E2AAF5186C75638 /* Pods_Drinks.framework in Frameworks */,
			);
			runOnlyForDeploymentPostprocessing = 0;
		};
		046F18B42998EED800E3EB3A /* Frameworks */ = {
			isa = PBXFrameworksBuildPhase;
			buildActionMask = 2147483647;
			files = (
				89BDF3E5F47AA048CAFF3275 /* Pods_DrinksTests.framework in Frameworks */,
			);
			runOnlyForDeploymentPostprocessing = 0;
		};
		046F18BE2998EED800E3EB3A /* Frameworks */ = {
			isa = PBXFrameworksBuildPhase;
			buildActionMask = 2147483647;
			files = (
				1A8614868EA2F661E8849BC3 /* Pods_Drinks_DrinksUITests.framework in Frameworks */,
			);
			runOnlyForDeploymentPostprocessing = 0;
		};
/* End PBXFrameworksBuildPhase section */

/* Begin PBXGroup section */
		03E99DB5BAB063B6DE431830 /* Pods */ = {
			isa = PBXGroup;
			children = (
				89CBBF44486781D0382C5E6C /* Pods-Drinks.debug.xcconfig */,
				04EE1E030BC1F57F0F0B44EB /* Pods-Drinks.release.xcconfig */,
				9CAA1F8A88DC43D8EFDC752B /* Pods-Drinks-DrinksUITests.debug.xcconfig */,
				5B968953E05059ADC29FECA6 /* Pods-Drinks-DrinksUITests.release.xcconfig */,
				306FC8055491AB98059FB848 /* Pods-DrinksTests.debug.xcconfig */,
				02227367C86CB5B22F8B02C8 /* Pods-DrinksTests.release.xcconfig */,
			);
			path = Pods;
			sourceTree = "<group>";
		};
		046F18982998EED500E3EB3A = {
			isa = PBXGroup;
			children = (
				046F18A32998EED500E3EB3A /* Drinks */,
				046F18BA2998EED800E3EB3A /* DrinksTests */,
				046F18C42998EED800E3EB3A /* DrinksUITests */,
				046F18A22998EED500E3EB3A /* Products */,
				03E99DB5BAB063B6DE431830 /* Pods */,
				9ECB2C63C70F9BF57EA2E04D /* Frameworks */,
			);
			sourceTree = "<group>";
		};
		046F18A22998EED500E3EB3A /* Products */ = {
			isa = PBXGroup;
			children = (
				046F18A12998EED500E3EB3A /* Drinks.app */,
				046F18B72998EED800E3EB3A /* DrinksTests.xctest */,
				046F18C12998EED800E3EB3A /* DrinksUITests.xctest */,
			);
			name = Products;
			sourceTree = "<group>";
		};
		046F18A32998EED500E3EB3A /* Drinks */ = {
			isa = PBXGroup;
			children = (
				046F18A42998EED500E3EB3A /* AppDelegate.swift */,
				046F18A62998EED500E3EB3A /* SceneDelegate.swift */,
				046F18A82998EED500E3EB3A /* ViewController.swift */,
				046F192E29A4DCE800E3EB3A /* ProfiveView.swift */,
				046F18AD2998EED800E3EB3A /* Assets.xcassets */,
				046F18AF2998EED800E3EB3A /* LaunchScreen.storyboard */,
				046F18B22998EED800E3EB3A /* Info.plist */,
				046F18D42998F13200E3EB3A /* NetworkLayre.swift */,
				046F18D62998F1A900E3EB3A /* Model.swift */,
				046F1920299EC62D00E3EB3A /* CollectionViewCell.swift */,
				046F1921299EC62D00E3EB3A /* CollectionViewCell.xib */,
				046F1924299EC8DB00E3EB3A /* URL imange.swift */,
				046F1926299F5A4C00E3EB3A /* StyleView.swift */,
				046F192829A0E73100E3EB3A /* InfoView.swift */,
				046F192A29A0E86400E3EB3A /* InfoView + extishon.swift */,
			);
			path = Drinks;
			sourceTree = "<group>";
		};
		046F18BA2998EED800E3EB3A /* DrinksTests */ = {
			isa = PBXGroup;
			children = (
				046F18BB2998EED800E3EB3A /* DrinksTests.swift */,
			);
			path = DrinksTests;
			sourceTree = "<group>";
		};
		046F18C42998EED800E3EB3A /* DrinksUITests */ = {
			isa = PBXGroup;
			children = (
				046F18C52998EED800E3EB3A /* DrinksUITests.swift */,
				046F18C72998EED800E3EB3A /* DrinksUITestsLaunchTests.swift */,
			);
			path = DrinksUITests;
			sourceTree = "<group>";
		};
		9ECB2C63C70F9BF57EA2E04D /* Frameworks */ = {
			isa = PBXGroup;
			children = (
				1EA22B4894844A44D0A01E66 /* Pods_Drinks.framework */,
				3960E504B462F54C2EAF0697 /* Pods_Drinks_DrinksUITests.framework */,
				B1F4B0B72B39F193F342E7AA /* Pods_DrinksTests.framework */,
			);
			name = Frameworks;
			sourceTree = "<group>";
		};
/* End PBXGroup section */

/* Begin PBXNativeTarget section */
		046F18A02998EED500E3EB3A /* Drinks */ = {
			isa = PBXNativeTarget;
			buildConfigurationList = 046F18CB2998EED800E3EB3A /* Build configuration list for PBXNativeTarget "Drinks" */;
			buildPhases = (
				BEBAB31E92375C4B4363AD33 /* [CP] Check Pods Manifest.lock */,
				046F189D2998EED500E3EB3A /* Sources */,
				046F189E2998EED500E3EB3A /* Frameworks */,
				046F189F2998EED500E3EB3A /* Resources */,
				8E2AC405BA235D2926AB61D7 /* [CP] Embed Pods Frameworks */,
			);
			buildRules = (
			);
			dependencies = (
			);
			name = Drinks;
			productName = Drinks;
			productReference = 046F18A12998EED500E3EB3A /* Drinks.app */;
			productType = "com.apple.product-type.application";
		};
		046F18B62998EED800E3EB3A /* DrinksTests */ = {
			isa = PBXNativeTarget;
			buildConfigurationList = 046F18CE2998EED800E3EB3A /* Build configuration list for PBXNativeTarget "DrinksTests" */;
			buildPhases = (
				14BF0CAC61297BDC872990A7 /* [CP] Check Pods Manifest.lock */,
				046F18B32998EED800E3EB3A /* Sources */,
				046F18B42998EED800E3EB3A /* Frameworks */,
				046F18B52998EED800E3EB3A /* Resources */,
			);
			buildRules = (
			);
			dependencies = (
				046F18B92998EED800E3EB3A /* PBXTargetDependency */,
			);
			name = DrinksTests;
			productName = DrinksTests;
			productReference = 046F18B72998EED800E3EB3A /* DrinksTests.xctest */;
			productType = "com.apple.product-type.bundle.unit-test";
		};
		046F18C02998EED800E3EB3A /* DrinksUITests */ = {
			isa = PBXNativeTarget;
			buildConfigurationList = 046F18D12998EED800E3EB3A /* Build configuration list for PBXNativeTarget "DrinksUITests" */;
			buildPhases = (
				3D1D78A1E3619D1E81B2F7DF /* [CP] Check Pods Manifest.lock */,
				046F18BD2998EED800E3EB3A /* Sources */,
				046F18BE2998EED800E3EB3A /* Frameworks */,
				046F18BF2998EED800E3EB3A /* Resources */,
				B4CE5CEAB41982B7622B1795 /* [CP] Embed Pods Frameworks */,
			);
			buildRules = (
			);
			dependencies = (
				046F18C32998EED800E3EB3A /* PBXTargetDependency */,
			);
			name = DrinksUITests;
			productName = DrinksUITests;
			productReference = 046F18C12998EED800E3EB3A /* DrinksUITests.xctest */;
			productType = "com.apple.product-type.bundle.ui-testing";
		};
/* End PBXNativeTarget section */

/* Begin PBXProject section */
		046F18992998EED500E3EB3A /* Project object */ = {
			isa = PBXProject;
			attributes = {
				BuildIndependentTargetsInParallel = 1;
				LastSwiftUpdateCheck = 1410;
				LastUpgradeCheck = 1410;
				TargetAttributes = {
					046F18A02998EED500E3EB3A = {
						CreatedOnToolsVersion = 14.1;
					};
					046F18B62998EED800E3EB3A = {
						CreatedOnToolsVersion = 14.1;
						TestTargetID = 046F18A02998EED500E3EB3A;
					};
					046F18C02998EED800E3EB3A = {
						CreatedOnToolsVersion = 14.1;
						TestTargetID = 046F18A02998EED500E3EB3A;
					};
				};
			};
			buildConfigurationList = 046F189C2998EED500E3EB3A /* Build configuration list for PBXProject "Drinks" */;
			compatibilityVersion = "Xcode 14.0";
			developmentRegion = en;
			hasScannedForEncodings = 0;
			knownRegions = (
				en,
				Base,
			);
			mainGroup = 046F18982998EED500E3EB3A;
			productRefGroup = 046F18A22998EED500E3EB3A /* Products */;
			projectDirPath = "";
			projectRoot = "";
			targets = (
				046F18A02998EED500E3EB3A /* Drinks */,
				046F18B62998EED800E3EB3A /* DrinksTests */,
				046F18C02998EED800E3EB3A /* DrinksUITests */,
			);
		};
/* End PBXProject section */

/* Begin PBXResourcesBuildPhase section */
		046F189F2998EED500E3EB3A /* Resources */ = {
			isa = PBXResourcesBuildPhase;
			buildActionMask = 2147483647;
			files = (
				046F18B12998EED800E3EB3A /* LaunchScreen.storyboard in Resources */,
				046F18AE2998EED800E3EB3A /* Assets.xcassets in Resources */,
				046F1923299EC62D00E3EB3A /* CollectionViewCell.xib in Resources */,
			);
			runOnlyForDeploymentPostprocessing = 0;
		};
		046F18B52998EED800E3EB3A /* Resources */ = {
			isa = PBXResourcesBuildPhase;
			buildActionMask = 2147483647;
			files = (
			);
			runOnlyForDeploymentPostprocessing = 0;
		};
		046F18BF2998EED800E3EB3A /* Resources */ = {
			isa = PBXResourcesBuildPhase;
			buildActionMask = 2147483647;
			files = (
			);
			runOnlyForDeploymentPostprocessing = 0;
		};
/* End PBXResourcesBuildPhase section */

/* Begin PBXShellScriptBuildPhase section */
		14BF0CAC61297BDC872990A7 /* [CP] Check Pods Manifest.lock */ = {
			isa = PBXShellScriptBuildPhase;
			buildActionMask = 2147483647;
			files = (
			);
			inputFileListPaths = (
			);
			inputPaths = (
				"${PODS_PODFILE_DIR_PATH}/Podfile.lock",
				"${PODS_ROOT}/Manifest.lock",
			);
			name = "[CP] Check Pods Manifest.lock";
			outputFileListPaths = (
			);
			outputPaths = (
				"$(DERIVED_FILE_DIR)/Pods-DrinksTests-checkManifestLockResult.txt",
			);
			runOnlyForDeploymentPostprocessing = 0;
			shellPath = /bin/sh;
			shellScript = "diff \"${PODS_PODFILE_DIR_PATH}/Podfile.lock\" \"${PODS_ROOT}/Manifest.lock\" > /dev/null\nif [ $? != 0 ] ; then\n    # print error to STDERR\n    echo \"error: The sandbox is not in sync with the Podfile.lock. Run 'pod install' or update your CocoaPods installation.\" >&2\n    exit 1\nfi\n# This output is used by Xcode 'outputs' to avoid re-running this script phase.\necho \"SUCCESS\" > \"${SCRIPT_OUTPUT_FILE_0}\"\n";
			showEnvVarsInLog = 0;
		};
		3D1D78A1E3619D1E81B2F7DF /* [CP] Check Pods Manifest.lock */ = {
			isa = PBXShellScriptBuildPhase;
			buildActionMask = 2147483647;
			files = (
			);
			inputFileListPaths = (
			);
			inputPaths = (
				"${PODS_PODFILE_DIR_PATH}/Podfile.lock",
				"${PODS_ROOT}/Manifest.lock",
			);
			name = "[CP] Check Pods Manifest.lock";
			outputFileListPaths = (
			);
			outputPaths = (
				"$(DERIVED_FILE_DIR)/Pods-Drinks-DrinksUITests-checkManifestLockResult.txt",
			);
			runOnlyForDeploymentPostprocessing = 0;
			shellPath = /bin/sh;
			shellScript = "diff \"${PODS_PODFILE_DIR_PATH}/Podfile.lock\" \"${PODS_ROOT}/Manifest.lock\" > /dev/null\nif [ $? != 0 ] ; then\n    # print error to STDERR\n    echo \"error: The sandbox is not in sync with the Podfile.lock. Run 'pod install' or update your CocoaPods installation.\" >&2\n    exit 1\nfi\n# This output is used by Xcode 'outputs' to avoid re-running this script phase.\necho \"SUCCESS\" > \"${SCRIPT_OUTPUT_FILE_0}\"\n";
			showEnvVarsInLog = 0;
		};
		8E2AC405BA235D2926AB61D7 /* [CP] Embed Pods Frameworks */ = {
			isa = PBXShellScriptBuildPhase;
			buildActionMask = 2147483647;
			files = (
			);
			inputFileListPaths = (
				"${PODS_ROOT}/Target Support Files/Pods-Drinks/Pods-Drinks-frameworks-${CONFIGURATION}-input-files.xcfilelist",
			);
			name = "[CP] Embed Pods Frameworks";
			outputFileListPaths = (
				"${PODS_ROOT}/Target Support Files/Pods-Drinks/Pods-Drinks-frameworks-${CONFIGURATION}-output-files.xcfilelist",
			);
			runOnlyForDeploymentPostprocessing = 0;
			shellPath = /bin/sh;
			shellScript = "\"${PODS_ROOT}/Target Support Files/Pods-Drinks/Pods-Drinks-frameworks.sh\"\n";
			showEnvVarsInLog = 0;
		};
		B4CE5CEAB41982B7622B1795 /* [CP] Embed Pods Frameworks */ = {
			isa = PBXShellScriptBuildPhase;
			buildActionMask = 2147483647;
			files = (
			);
			inputFileListPaths = (
				"${PODS_ROOT}/Target Support Files/Pods-Drinks-DrinksUITests/Pods-Drinks-DrinksUITests-frameworks-${CONFIGURATION}-input-files.xcfilelist",
			);
			name = "[CP] Embed Pods Frameworks";
			outputFileListPaths = (
				"${PODS_ROOT}/Target Support Files/Pods-Drinks-DrinksUITests/Pods-Drinks-DrinksUITests-frameworks-${CONFIGURATION}-output-files.xcfilelist",
			);
			runOnlyForDeploymentPostprocessing = 0;
			shellPath = /bin/sh;
			shellScript = "\"${PODS_ROOT}/Target Support Files/Pods-Drinks-DrinksUITests/Pods-Drinks-DrinksUITests-frameworks.sh\"\n";
			showEnvVarsInLog = 0;
		};
		BEBAB31E92375C4B4363AD33 /* [CP] Check Pods Manifest.lock */ = {
			isa = PBXShellScriptBuildPhase;
			buildActionMask = 2147483647;
			files = (
			);
			inputFileListPaths = (
			);
			inputPaths = (
				"${PODS_PODFILE_DIR_PATH}/Podfile.lock",
				"${PODS_ROOT}/Manifest.lock",
			);
			name = "[CP] Check Pods Manifest.lock";
			outputFileListPaths = (
			);
			outputPaths = (
				"$(DERIVED_FILE_DIR)/Pods-Drinks-checkManifestLockResult.txt",
			);
			runOnlyForDeploymentPostprocessing = 0;
			shellPath = /bin/sh;
			shellScript = "diff \"${PODS_PODFILE_DIR_PATH}/Podfile.lock\" \"${PODS_ROOT}/Manifest.lock\" > /dev/null\nif [ $? != 0 ] ; then\n    # print error to STDERR\n    echo \"error: The sandbox is not in sync with the Podfile.lock. Run 'pod install' or update your CocoaPods installation.\" >&2\n    exit 1\nfi\n# This output is used by Xcode 'outputs' to avoid re-running this script phase.\necho \"SUCCESS\" > \"${SCRIPT_OUTPUT_FILE_0}\"\n";
			showEnvVarsInLog = 0;
		};
/* End PBXShellScriptBuildPhase section */

/* Begin PBXSourcesBuildPhase section */
		046F189D2998EED500E3EB3A /* Sources */ = {
			isa = PBXSourcesBuildPhase;
			buildActionMask = 2147483647;
			files = (
				046F18D72998F1A900E3EB3A /* Model.swift in Sources */,
				046F1925299EC8DB00E3EB3A /* URL imange.swift in Sources */,
				046F18D52998F13200E3EB3A /* NetworkLayre.swift in Sources */,
				046F1922299EC62D00E3EB3A /* CollectionViewCell.swift in Sources */,
				046F192F29A4DCE800E3EB3A /* ProfiveView.swift in Sources */,
				046F18A92998EED500E3EB3A /* ViewController.swift in Sources */,
				046F18A52998EED500E3EB3A /* AppDelegate.swift in Sources */,
				046F1927299F5A4C00E3EB3A /* StyleView.swift in Sources */,
				046F192929A0E73100E3EB3A /* InfoView.swift in Sources */,
				046F192B29A0E86400E3EB3A /* InfoView + extishon.swift in Sources */,
				046F18A72998EED500E3EB3A /* SceneDelegate.swift in Sources */,
			);
			runOnlyForDeploymentPostprocessing = 0;
		};
		046F18B32998EED800E3EB3A /* Sources */ = {
			isa = PBXSourcesBuildPhase;
			buildActionMask = 2147483647;
			files = (
				046F18BC2998EED800E3EB3A /* DrinksTests.swift in Sources */,
			);
			runOnlyForDeploymentPostprocessing = 0;
		};
		046F18BD2998EED800E3EB3A /* Sources */ = {
			isa = PBXSourcesBuildPhase;
			buildActionMask = 2147483647;
			files = (
				046F18C62998EED800E3EB3A /* DrinksUITests.swift in Sources */,
				046F18C82998EED800E3EB3A /* DrinksUITestsLaunchTests.swift in Sources */,
			);
			runOnlyForDeploymentPostprocessing = 0;
		};
/* End PBXSourcesBuildPhase section */

/* Begin PBXTargetDependency section */
		046F18B92998EED800E3EB3A /* PBXTargetDependency */ = {
			isa = PBXTargetDependency;
			target = 046F18A02998EED500E3EB3A /* Drinks */;
			targetProxy = 046F18B82998EED800E3EB3A /* PBXContainerItemProxy */;
		};
		046F18C32998EED800E3EB3A /* PBXTargetDependency */ = {
			isa = PBXTargetDependency;
			target = 046F18A02998EED500E3EB3A /* Drinks */;
			targetProxy = 046F18C22998EED800E3EB3A /* PBXContainerItemProxy */;
		};
/* End PBXTargetDependency section */

/* Begin PBXVariantGroup section */
		046F18AF2998EED800E3EB3A /* LaunchScreen.storyboard */ = {
			isa = PBXVariantGroup;
			children = (
				046F18B02998EED800E3EB3A /* Base */,
			);
			name = LaunchScreen.storyboard;
			sourceTree = "<group>";
		};
/* End PBXVariantGroup section */

/* Begin XCBuildConfiguration section */
		046F18C92998EED800E3EB3A /* Debug */ = {
			isa = XCBuildConfiguration;
			buildSettings = {
				ALWAYS_SEARCH_USER_PATHS = NO;
				CLANG_ANALYZER_NONNULL = YES;
				CLANG_ANALYZER_NUMBER_OBJECT_CONVERSION = YES_AGGRESSIVE;
				CLANG_CXX_LANGUAGE_STANDARD = "gnu++20";
				CLANG_ENABLE_MODULES = YES;
				CLANG_ENABLE_OBJC_ARC = YES;
				CLANG_ENABLE_OBJC_WEAK = YES;
				CLANG_WARN_BLOCK_CAPTURE_AUTORELEASING = YES;
				CLANG_WARN_BOOL_CONVERSION = YES;
				CLANG_WARN_COMMA = YES;
				CLANG_WARN_CONSTANT_CONVERSION = YES;
				CLANG_WARN_DEPRECATED_OBJC_IMPLEMENTATIONS = YES;
				CLANG_WARN_DIRECT_OBJC_ISA_USAGE = YES_ERROR;
				CLANG_WARN_DOCUMENTATION_COMMENTS = YES;
				CLANG_WARN_EMPTY_BODY = YES;
				CLANG_WARN_ENUM_CONVERSION = YES;
				CLANG_WARN_INFINITE_RECURSION = YES;
				CLANG_WARN_INT_CONVERSION = YES;
				CLANG_WARN_NON_LITERAL_NULL_CONVERSION = YES;
				CLANG_WARN_OBJC_IMPLICIT_RETAIN_SELF = YES;
				CLANG_WARN_OBJC_LITERAL_CONVERSION = YES;
				CLANG_WARN_OBJC_ROOT_CLASS = YES_ERROR;
				CLANG_WARN_QUOTED_INCLUDE_IN_FRAMEWORK_HEADER = YES;
				CLANG_WARN_RANGE_LOOP_ANALYSIS = YES;
				CLANG_WARN_STRICT_PROTOTYPES = YES;
				CLANG_WARN_SUSPICIOUS_MOVE = YES;
				CLANG_WARN_UNGUARDED_AVAILABILITY = YES_AGGRESSIVE;
				CLANG_WARN_UNREACHABLE_CODE = YES;
				CLANG_WARN__DUPLICATE_METHOD_MATCH = YES;
				COPY_PHASE_STRIP = NO;
				DEBUG_INFORMATION_FORMAT = dwarf;
				ENABLE_STRICT_OBJC_MSGSEND = YES;
				ENABLE_TESTABILITY = YES;
				GCC_C_LANGUAGE_STANDARD = gnu11;
				GCC_DYNAMIC_NO_PIC = NO;
				GCC_NO_COMMON_BLOCKS = YES;
				GCC_OPTIMIZATION_LEVEL = 0;
				GCC_PREPROCESSOR_DEFINITIONS = (
					"DEBUG=1",
					"$(inherited)",
				);
				GCC_WARN_64_TO_32_BIT_CONVERSION = YES;
				GCC_WARN_ABOUT_RETURN_TYPE = YES_ERROR;
				GCC_WARN_UNDECLARED_SELECTOR = YES;
				GCC_WARN_UNINITIALIZED_AUTOS = YES_AGGRESSIVE;
				GCC_WARN_UNUSED_FUNCTION = YES;
				GCC_WARN_UNUSED_VARIABLE = YES;
				IPHONEOS_DEPLOYMENT_TARGET = 16.1;
				MTL_ENABLE_DEBUG_INFO = INCLUDE_SOURCE;
				MTL_FAST_MATH = YES;
				ONLY_ACTIVE_ARCH = YES;
				SDKROOT = iphoneos;
				SWIFT_ACTIVE_COMPILATION_CONDITIONS = DEBUG;
				SWIFT_OPTIMIZATION_LEVEL = "-Onone";
			};
			name = Debug;
		};
		046F18CA2998EED800E3EB3A /* Release */ = {
			isa = XCBuildConfiguration;
			buildSettings = {
				ALWAYS_SEARCH_USER_PATHS = NO;
				CLANG_ANALYZER_NONNULL = YES;
				CLANG_ANALYZER_NUMBER_OBJECT_CONVERSION = YES_AGGRESSIVE;
				CLANG_CXX_LANGUAGE_STANDARD = "gnu++20";
				CLANG_ENABLE_MODULES = YES;
				CLANG_ENABLE_OBJC_ARC = YES;
				CLANG_ENABLE_OBJC_WEAK = YES;
				CLANG_WARN_BLOCK_CAPTURE_AUTORELEASING = YES;
				CLANG_WARN_BOOL_CONVERSION = YES;
				CLANG_WARN_COMMA = YES;
				CLANG_WARN_CONSTANT_CONVERSION = YES;
				CLANG_WARN_DEPRECATED_OBJC_IMPLEMENTATIONS = YES;
				CLANG_WARN_DIRECT_OBJC_ISA_USAGE = YES_ERROR;
				CLANG_WARN_DOCUMENTATION_COMMENTS = YES;
				CLANG_WARN_EMPTY_BODY = YES;
				CLANG_WARN_ENUM_CONVERSION = YES;
				CLANG_WARN_INFINITE_RECURSION = YES;
				CLANG_WARN_INT_CONVERSION = YES;
				CLANG_WARN_NON_LITERAL_NULL_CONVERSION = YES;
				CLANG_WARN_OBJC_IMPLICIT_RETAIN_SELF = YES;
				CLANG_WARN_OBJC_LITERAL_CONVERSION = YES;
				CLANG_WARN_OBJC_ROOT_CLASS = YES_ERROR;
				CLANG_WARN_QUOTED_INCLUDE_IN_FRAMEWORK_HEADER = YES;
				CLANG_WARN_RANGE_LOOP_ANALYSIS = YES;
				CLANG_WARN_STRICT_PROTOTYPES = YES;
				CLANG_WARN_SUSPICIOUS_MOVE = YES;
				CLANG_WARN_UNGUARDED_AVAILABILITY = YES_AGGRESSIVE;
				CLANG_WARN_UNREACHABLE_CODE = YES;
				CLANG_WARN__DUPLICATE_METHOD_MATCH = YES;
				COPY_PHASE_STRIP = NO;
				DEBUG_INFORMATION_FORMAT = "dwarf-with-dsym";
				ENABLE_NS_ASSERTIONS = NO;
				ENABLE_STRICT_OBJC_MSGSEND = YES;
				GCC_C_LANGUAGE_STANDARD = gnu11;
				GCC_NO_COMMON_BLOCKS = YES;
				GCC_WARN_64_TO_32_BIT_CONVERSION = YES;
				GCC_WARN_ABOUT_RETURN_TYPE = YES_ERROR;
				GCC_WARN_UNDECLARED_SELECTOR = YES;
				GCC_WARN_UNINITIALIZED_AUTOS = YES_AGGRESSIVE;
				GCC_WARN_UNUSED_FUNCTION = YES;
				GCC_WARN_UNUSED_VARIABLE = YES;
				IPHONEOS_DEPLOYMENT_TARGET = 16.1;
				MTL_ENABLE_DEBUG_INFO = NO;
				MTL_FAST_MATH = YES;
				SDKROOT = iphoneos;
				SWIFT_COMPILATION_MODE = wholemodule;
				SWIFT_OPTIMIZATION_LEVEL = "-O";
				VALIDATE_PRODUCT = YES;
			};
			name = Release;
		};
		046F18CC2998EED800E3EB3A /* Debug */ = {
			isa = XCBuildConfiguration;
			baseConfigurationReference = 89CBBF44486781D0382C5E6C /* Pods-Drinks.debug.xcconfig */;
			buildSettings = {
				ASSETCATALOG_COMPILER_APPICON_NAME = AppIcon;
				ASSETCATALOG_COMPILER_GLOBAL_ACCENT_COLOR_NAME = AccentColor;
				CODE_SIGN_STYLE = Automatic;
				CURRENT_PROJECT_VERSION = 1;
				DEVELOPMENT_TEAM = TU4A85R5R3;
				GENERATE_INFOPLIST_FILE = YES;
				INFOPLIST_FILE = Drinks/Info.plist;
				INFOPLIST_KEY_UIApplicationSupportsIndirectInputEvents = YES;
				INFOPLIST_KEY_UILaunchStoryboardName = LaunchScreen;
				INFOPLIST_KEY_UIMainStoryboardFile = Main;
				INFOPLIST_KEY_UISupportedInterfaceOrientations_iPad = "UIInterfaceOrientationPortrait UIInterfaceOrientationPortraitUpsideDown UIInterfaceOrientationLandscapeLeft UIInterfaceOrientationLandscapeRight";
				INFOPLIST_KEY_UISupportedInterfaceOrientations_iPhone = "UIInterfaceOrientationPortrait UIInterfaceOrientationLandscapeLeft UIInterfaceOrientationLandscapeRight";
				LD_RUNPATH_SEARCH_PATHS = (
					"$(inherited)",
					"@executable_path/Frameworks",
				);
				MARKETING_VERSION = 1.0;
				PRODUCT_BUNDLE_IDENTIFIER = mark2.Drinks;
				PRODUCT_NAME = "$(TARGET_NAME)";
				SWIFT_EMIT_LOC_STRINGS = YES;
				SWIFT_VERSION = 5.0;
				TARGETED_DEVICE_FAMILY = "1,2";
			};
			name = Debug;
		};
		046F18CD2998EED800E3EB3A /* Release */ = {
			isa = XCBuildConfiguration;
			baseConfigurationReference = 04EE1E030BC1F57F0F0B44EB /* Pods-Drinks.release.xcconfig */;
			buildSettings = {
				ASSETCATALOG_COMPILER_APPICON_NAME = AppIcon;
				ASSETCATALOG_COMPILER_GLOBAL_ACCENT_COLOR_NAME = AccentColor;
				CODE_SIGN_STYLE = Automatic;
				CURRENT_PROJECT_VERSION = 1;
				DEVELOPMENT_TEAM = TU4A85R5R3;
				GENERATE_INFOPLIST_FILE = YES;
				INFOPLIST_FILE = Drinks/Info.plist;
				INFOPLIST_KEY_UIApplicationSupportsIndirectInputEvents = YES;
				INFOPLIST_KEY_UILaunchStoryboardName = LaunchScreen;
				INFOPLIST_KEY_UIMainStoryboardFile = Main;
				INFOPLIST_KEY_UISupportedInterfaceOrientations_iPad = "UIInterfaceOrientationPortrait UIInterfaceOrientationPortraitUpsideDown UIInterfaceOrientationLandscapeLeft UIInterfaceOrientationLandscapeRight";
				INFOPLIST_KEY_UISupportedInterfaceOrientations_iPhone = "UIInterfaceOrientationPortrait UIInterfaceOrientationLandscapeLeft UIInterfaceOrientationLandscapeRight";
				LD_RUNPATH_SEARCH_PATHS = (
					"$(inherited)",
					"@executable_path/Frameworks",
				);
				MARKETING_VERSION = 1.0;
				PRODUCT_BUNDLE_IDENTIFIER = mark2.Drinks;
				PRODUCT_NAME = "$(TARGET_NAME)";
				SWIFT_EMIT_LOC_STRINGS = YES;
				SWIFT_VERSION = 5.0;
				TARGETED_DEVICE_FAMILY = "1,2";
			};
			name = Release;
		};
		046F18CF2998EED800E3EB3A /* Debug */ = {
			isa = XCBuildConfiguration;
			baseConfigurationReference = 306FC8055491AB98059FB848 /* Pods-DrinksTests.debug.xcconfig */;
			buildSettings = {
				ALWAYS_EMBED_SWIFT_STANDARD_LIBRARIES = YES;
				BUNDLE_LOADER = "$(TEST_HOST)";
				CODE_SIGN_STYLE = Automatic;
				CURRENT_PROJECT_VERSION = 1;
				DEVELOPMENT_TEAM = TU4A85R5R3;
				GENERATE_INFOPLIST_FILE = YES;
				IPHONEOS_DEPLOYMENT_TARGET = 16.1;
				MARKETING_VERSION = 1.0;
				PRODUCT_BUNDLE_IDENTIFIER = mark2.DrinksTests;
				PRODUCT_NAME = "$(TARGET_NAME)";
				SWIFT_EMIT_LOC_STRINGS = NO;
				SWIFT_VERSION = 5.0;
				TARGETED_DEVICE_FAMILY = "1,2";
				TEST_HOST = "$(BUILT_PRODUCTS_DIR)/Drinks.app/$(BUNDLE_EXECUTABLE_FOLDER_PATH)/Drinks";
			};
			name = Debug;
		};
		046F18D02998EED800E3EB3A /* Release */ = {
			isa = XCBuildConfiguration;
			baseConfigurationReference = 02227367C86CB5B22F8B02C8 /* Pods-DrinksTests.release.xcconfig */;
			buildSettings = {
				ALWAYS_EMBED_SWIFT_STANDARD_LIBRARIES = YES;
				BUNDLE_LOADER = "$(TEST_HOST)";
				CODE_SIGN_STYLE = Automatic;
				CURRENT_PROJECT_VERSION = 1;
				DEVELOPMENT_TEAM = TU4A85R5R3;
				GENERATE_INFOPLIST_FILE = YES;
				IPHONEOS_DEPLOYMENT_TARGET = 16.1;
				MARKETING_VERSION = 1.0;
				PRODUCT_BUNDLE_IDENTIFIER = mark2.DrinksTests;
				PRODUCT_NAME = "$(TARGET_NAME)";
				SWIFT_EMIT_LOC_STRINGS = NO;
				SWIFT_VERSION = 5.0;
				TARGETED_DEVICE_FAMILY = "1,2";
				TEST_HOST = "$(BUILT_PRODUCTS_DIR)/Drinks.app/$(BUNDLE_EXECUTABLE_FOLDER_PATH)/Drinks";
			};
			name = Release;
		};
		046F18D22998EED800E3EB3A /* Debug */ = {
			isa = XCBuildConfiguration;
			baseConfigurationReference = 9CAA1F8A88DC43D8EFDC752B /* Pods-Drinks-DrinksUITests.debug.xcconfig */;
			buildSettings = {
				ALWAYS_EMBED_SWIFT_STANDARD_LIBRARIES = YES;
				CODE_SIGN_STYLE = Automatic;
				CURRENT_PROJECT_VERSION = 1;
				DEVELOPMENT_TEAM = TU4A85R5R3;
				GENERATE_INFOPLIST_FILE = YES;
				MARKETING_VERSION = 1.0;
				PRODUCT_BUNDLE_IDENTIFIER = mark2.DrinksUITests;
				PRODUCT_NAME = "$(TARGET_NAME)";
				SWIFT_EMIT_LOC_STRINGS = NO;
				SWIFT_VERSION = 5.0;
				TARGETED_DEVICE_FAMILY = "1,2";
				TEST_TARGET_NAME = Drinks;
			};
			name = Debug;
		};
		046F18D32998EED800E3EB3A /* Release */ = {
			isa = XCBuildConfiguration;
			baseConfigurationReference = 5B968953E05059ADC29FECA6 /* Pods-Drinks-DrinksUITests.release.xcconfig */;
			buildSettings = {
				ALWAYS_EMBED_SWIFT_STANDARD_LIBRARIES = YES;
				CODE_SIGN_STYLE = Automatic;
				CURRENT_PROJECT_VERSION = 1;
				DEVELOPMENT_TEAM = TU4A85R5R3;
				GENERATE_INFOPLIST_FILE = YES;
				MARKETING_VERSION = 1.0;
				PRODUCT_BUNDLE_IDENTIFIER = mark2.DrinksUITests;
				PRODUCT_NAME = "$(TARGET_NAME)";
				SWIFT_EMIT_LOC_STRINGS = NO;
				SWIFT_VERSION = 5.0;
				TARGETED_DEVICE_FAMILY = "1,2";
				TEST_TARGET_NAME = Drinks;
			};
			name = Release;
		};
/* End XCBuildConfiguration section */

/* Begin XCConfigurationList section */
		046F189C2998EED500E3EB3A /* Build configuration list for PBXProject "Drinks" */ = {
			isa = XCConfigurationList;
			buildConfigurations = (
				046F18C92998EED800E3EB3A /* Debug */,
				046F18CA2998EED800E3EB3A /* Release */,
			);
			defaultConfigurationIsVisible = 0;
			defaultConfigurationName = Release;
		};
		046F18CB2998EED800E3EB3A /* Build configuration list for PBXNativeTarget "Drinks" */ = {
			isa = XCConfigurationList;
			buildConfigurations = (
				046F18CC2998EED800E3EB3A /* Debug */,
				046F18CD2998EED800E3EB3A /* Release */,
			);
			defaultConfigurationIsVisible = 0;
			defaultConfigurationName = Release;
		};
		046F18CE2998EED800E3EB3A /* Build configuration list for PBXNativeTarget "DrinksTests" */ = {
			isa = XCConfigurationList;
			buildConfigurations = (
				046F18CF2998EED800E3EB3A /* Debug */,
				046F18D02998EED800E3EB3A /* Release */,
			);
			defaultConfigurationIsVisible = 0;
			defaultConfigurationName = Release;
		};
		046F18D12998EED800E3EB3A /* Build configuration list for PBXNativeTarget "DrinksUITests" */ = {
			isa = XCConfigurationList;
			buildConfigurations = (
				046F18D22998EED800E3EB3A /* Debug */,
				046F18D32998EED800E3EB3A /* Release */,
			);
			defaultConfigurationIsVisible = 0;
			defaultConfigurationName = Release;
		};
/* End XCConfigurationList section */
	};
	rootObject = 046F18992998EED500E3EB3A /* Project object */;
}
